
Microsoft Visual Studio Solution File, Format Version 12.00
# Visual Studio Version 16
VisualStudioVersion = 16.0.30503.244
MinimumVisualStudioVersion = 10.0.40219.1
Project("{9A19103F-16F7-4668-BE54-9A1E7A4F7556}") = "StrategyPattern.Processor", "StrategyPattern.Processor\StrategyPattern.Processor.csproj", "{F0387CFE-7AEB-47E4-BB42-7AF0B488A34B}"
EndProject
Project("{FAE04EC0-301F-11D3-BF4B-00C04F79EFBC}") = "StartegyPattern.Consol", "StartegyPattern.Consol\StartegyPattern.Consol.csproj", "{6E575B9D-8FBE-41EE-A10B-355771041CEB}"
EndProject
Project("{FAE04EC0-301F-11D3-BF4B-00C04F79EFBC}") = "StrategyPattern.Web", "StrategyPattern.Web\StrategyPattern.Web.csproj", "{F3DE2DB1-CAEA-4B81-95C8-5DB26F90545B}"
EndProject
Global
	GlobalSection(SolutionConfigurationPlatforms) = preSolution
		Debug|Any CPU = Debug|Any CPU
		Release|Any CPU = Release|Any CPU
	EndGlobalSection
	GlobalSection(ProjectConfigurationPlatforms) = postSolution
		{F0387CFE-7AEB-47E4-BB42-7AF0B488A34B}.Debug|Any CPU.ActiveCfg = Debug|Any CPU
		{F0387CFE-7AEB-47E4-BB42-7AF0B488A34B}.Debug|Any CPU.Build.0 = Debug|Any CPU
		{F0387CFE-7AEB-47E4-BB42-7AF0B488A34B}.Release|Any CPU.ActiveCfg = Release|Any CPU
		{F0387CFE-7AEB-47E4-BB42-7AF0B488A34B}.Release|Any CPU.Build.0 = Release|Any CPU
		{6E575B9D-8FBE-41EE-A10B-355771041CEB}.Debug|Any CPU.ActiveCfg = Debug|Any CPU
		{6E575B9D-8FBE-41EE-A10B-355771041CEB}.Debug|Any CPU.Build.0 = Debug|Any CPU
		{6E575B9D-8FBE-41EE-A10B-355771041CEB}.Release|Any CPU.ActiveCfg = Release|Any CPU
		{6E575B9D-8FBE-41EE-A10B-355771041CEB}.Release|Any CPU.Build.0 = Release|Any CPU
		{F3DE2DB1-CAEA-4B81-95C8-5DB26F90545B}.Debug|Any CPU.ActiveCfg = Debug|Any CPU
		{F3DE2DB1-CAEA-4B81-95C8-5DB26F90545B}.Debug|Any CPU.Build.0 = Debug|Any CPU
		{F3DE2DB1-CAEA-4B81-95C8-5DB26F90545B}.Release|Any CPU.ActiveCfg = Release|Any CPU
		{F3DE2DB1-CAEA-4B81-95C8-5DB26F90545B}.Release|Any CPU.Build.0 = Release|Any CPU
	EndGlobalSection
	GlobalSection(SolutionProperties) = preSolution
		HideSolutionNode = FALSE
	EndGlobalSection
	GlobalSection(ExtensibilityGlobals) = postSolution
		SolutionGuid = {95634EF7-0593-4FBF-8919-73E595FEAAD8}
	EndGlobalSection
EndGlobal
