
Microsoft Visual Studio Solution File, Format Version 12.00
# Visual Studio Version 16
VisualStudioVersion = 16.0.30503.244
MinimumVisualStudioVersion = 10.0.40219.1
Project("{9A19103F-16F7-4668-BE54-9A1E7A4F7556}") = "ConsoleUI", "ConsoleUI\ConsoleUI.csproj", "{D6C34205-CC82-48CB-9031-5534CC136613}"
EndProject
Project("{9A19103F-16F7-4668-BE54-9A1E7A4F7556}") = "XUnitTests", "XUnitTests\XUnitTests.csproj", "{3770EE1A-931B-4636-9621-C231F11277A0}"
EndProject
Project("{9A19103F-16F7-4668-BE54-9A1E7A4F7556}") = "ClassLibrary", "ClassLibrary\ClassLibrary.csproj", "{8E6BF1D1-9AA5-4CF4-91A2-01400D45D29F}"
EndProject
Project("{FAE04EC0-301F-11D3-BF4B-00C04F79EFBC}") = "WpfApp1", "WpfApp1\WpfApp1.csproj", "{2591BAFD-1B9D-45E7-A708-4588A07148DE}"
EndProject
Project("{9A19103F-16F7-4668-BE54-9A1E7A4F7556}") = "WebAppPractice", "WebAppPractice\WebAppPractice.csproj", "{CC5BECF4-939D-466F-902E-D6FD100BDF06}"
EndProject
Project("{9A19103F-16F7-4668-BE54-9A1E7A4F7556}") = "WebAppAuth", "WebAppAuth\WebAppAuth.csproj", "{D0E3AA51-723F-4EF1-AAF9-C6930BA5F30B}"
EndProject
Project("{9A19103F-16F7-4668-BE54-9A1E7A4F7556}") = "AspNetCoreApi", "AspNetCoreApi\AspNetCoreApi.csproj", "{AFC13DAC-C796-4417-8552-B5FA55C05F4E}"
EndProject
Project("{9A19103F-16F7-4668-BE54-9A1E7A4F7556}") = "EmployeeManagement.DataModel", "EmployeeManagement.DataModel\EmployeeManagement.DataModel.csproj", "{1B61EC45-985C-439A-AE69-F4493A3033B0}"
EndProject
Project("{9A19103F-16F7-4668-BE54-9A1E7A4F7556}") = "EmployeeManagement.DatabaseManager", "EmployeeManagement.DatabaseManager\EmployeeManagement.DatabaseManager.csproj", "{817F4DEA-10B9-44A4-B2E7-E0C00DDA089B}"
EndProject
Project("{9A19103F-16F7-4668-BE54-9A1E7A4F7556}") = "EmployeeManagement.WebUI", "EmployeeManagement.WebUI\EmployeeManagement.WebUI.csproj", "{AA5004FB-E0A6-4937-AEA6-7967B89F1ED3}"
EndProject
Project("{9A19103F-16F7-4668-BE54-9A1E7A4F7556}") = "EmployeeManagement.Api", "EmployeeManagement.Api\EmployeeManagement.Api.csproj", "{0B4A5DD4-2342-471D-A411-1C1DD1A2B815}"
EndProject
Project("{FAE04EC0-301F-11D3-BF4B-00C04F79EFBC}") = "ParallelPractice", "ParallelPractice\ParallelPractice.csproj", "{694A4B75-6732-434E-86B9-4B2AB0CF48C0}"
EndProject
Global
	GlobalSection(SolutionConfigurationPlatforms) = preSolution
		Debug|Any CPU = Debug|Any CPU
		Debug|iPhone = Debug|iPhone
		Debug|iPhoneSimulator = Debug|iPhoneSimulator
		Release|Any CPU = Release|Any CPU
		Release|iPhone = Release|iPhone
		Release|iPhoneSimulator = Release|iPhoneSimulator
	EndGlobalSection
	GlobalSection(ProjectConfigurationPlatforms) = postSolution
		{D6C34205-CC82-48CB-9031-5534CC136613}.Debug|Any CPU.ActiveCfg = Debug|Any CPU
		{D6C34205-CC82-48CB-9031-5534CC136613}.Debug|Any CPU.Build.0 = Debug|Any CPU
		{D6C34205-CC82-48CB-9031-5534CC136613}.Debug|iPhone.ActiveCfg = Debug|Any CPU
		{D6C34205-CC82-48CB-9031-5534CC136613}.Debug|iPhoneSimulator.ActiveCfg = Debug|Any CPU
		{D6C34205-CC82-48CB-9031-5534CC136613}.Release|Any CPU.ActiveCfg = Release|Any CPU
		{D6C34205-CC82-48CB-9031-5534CC136613}.Release|Any CPU.Build.0 = Release|Any CPU
		{D6C34205-CC82-48CB-9031-5534CC136613}.Release|iPhone.ActiveCfg = Release|Any CPU
		{D6C34205-CC82-48CB-9031-5534CC136613}.Release|iPhoneSimulator.ActiveCfg = Release|Any CPU
		{3770EE1A-931B-4636-9621-C231F11277A0}.Debug|Any CPU.ActiveCfg = Debug|Any CPU
		{3770EE1A-931B-4636-9621-C231F11277A0}.Debug|Any CPU.Build.0 = Debug|Any CPU
		{3770EE1A-931B-4636-9621-C231F11277A0}.Debug|iPhone.ActiveCfg = Debug|Any CPU
		{3770EE1A-931B-4636-9621-C231F11277A0}.Debug|iPhoneSimulator.ActiveCfg = Debug|Any CPU
		{3770EE1A-931B-4636-9621-C231F11277A0}.Release|Any CPU.ActiveCfg = Release|Any CPU
		{3770EE1A-931B-4636-9621-C231F11277A0}.Release|Any CPU.Build.0 = Release|Any CPU
		{3770EE1A-931B-4636-9621-C231F11277A0}.Release|iPhone.ActiveCfg = Release|Any CPU
		{3770EE1A-931B-4636-9621-C231F11277A0}.Release|iPhoneSimulator.ActiveCfg = Release|Any CPU
		{8E6BF1D1-9AA5-4CF4-91A2-01400D45D29F}.Debug|Any CPU.ActiveCfg = Debug|Any CPU
		{8E6BF1D1-9AA5-4CF4-91A2-01400D45D29F}.Debug|Any CPU.Build.0 = Debug|Any CPU
		{8E6BF1D1-9AA5-4CF4-91A2-01400D45D29F}.Debug|iPhone.ActiveCfg = Debug|Any CPU
		{8E6BF1D1-9AA5-4CF4-91A2-01400D45D29F}.Debug|iPhoneSimulator.ActiveCfg = Debug|Any CPU
		{8E6BF1D1-9AA5-4CF4-91A2-01400D45D29F}.Release|Any CPU.ActiveCfg = Release|Any CPU
		{8E6BF1D1-9AA5-4CF4-91A2-01400D45D29F}.Release|Any CPU.Build.0 = Release|Any CPU
		{8E6BF1D1-9AA5-4CF4-91A2-01400D45D29F}.Release|iPhone.ActiveCfg = Release|Any CPU
		{8E6BF1D1-9AA5-4CF4-91A2-01400D45D29F}.Release|iPhoneSimulator.ActiveCfg = Release|Any CPU
		{2591BAFD-1B9D-45E7-A708-4588A07148DE}.Debug|Any CPU.ActiveCfg = Debug|Any CPU
		{2591BAFD-1B9D-45E7-A708-4588A07148DE}.Debug|Any CPU.Build.0 = Debug|Any CPU
		{2591BAFD-1B9D-45E7-A708-4588A07148DE}.Debug|iPhone.ActiveCfg = Debug|Any CPU
		{2591BAFD-1B9D-45E7-A708-4588A07148DE}.Debug|iPhoneSimulator.ActiveCfg = Debug|Any CPU
		{2591BAFD-1B9D-45E7-A708-4588A07148DE}.Release|Any CPU.ActiveCfg = Release|Any CPU
		{2591BAFD-1B9D-45E7-A708-4588A07148DE}.Release|Any CPU.Build.0 = Release|Any CPU
		{2591BAFD-1B9D-45E7-A708-4588A07148DE}.Release|iPhone.ActiveCfg = Release|Any CPU
		{2591BAFD-1B9D-45E7-A708-4588A07148DE}.Release|iPhoneSimulator.ActiveCfg = Release|Any CPU
		{CC5BECF4-939D-466F-902E-D6FD100BDF06}.Debug|Any CPU.ActiveCfg = Debug|Any CPU
		{CC5BECF4-939D-466F-902E-D6FD100BDF06}.Debug|Any CPU.Build.0 = Debug|Any CPU
		{CC5BECF4-939D-466F-902E-D6FD100BDF06}.Debug|iPhone.ActiveCfg = Debug|Any CPU
		{CC5BECF4-939D-466F-902E-D6FD100BDF06}.Debug|iPhoneSimulator.ActiveCfg = Debug|Any CPU
		{CC5BECF4-939D-466F-902E-D6FD100BDF06}.Release|Any CPU.ActiveCfg = Release|Any CPU
		{CC5BECF4-939D-466F-902E-D6FD100BDF06}.Release|Any CPU.Build.0 = Release|Any CPU
		{CC5BECF4-939D-466F-902E-D6FD100BDF06}.Release|iPhone.ActiveCfg = Release|Any CPU
		{CC5BECF4-939D-466F-902E-D6FD100BDF06}.Release|iPhoneSimulator.ActiveCfg = Release|Any CPU
		{D0E3AA51-723F-4EF1-AAF9-C6930BA5F30B}.Debug|Any CPU.ActiveCfg = Debug|Any CPU
		{D0E3AA51-723F-4EF1-AAF9-C6930BA5F30B}.Debug|Any CPU.Build.0 = Debug|Any CPU
		{D0E3AA51-723F-4EF1-AAF9-C6930BA5F30B}.Debug|iPhone.ActiveCfg = Debug|Any CPU
		{D0E3AA51-723F-4EF1-AAF9-C6930BA5F30B}.Debug|iPhoneSimulator.ActiveCfg = Debug|Any CPU
		{D0E3AA51-723F-4EF1-AAF9-C6930BA5F30B}.Release|Any CPU.ActiveCfg = Release|Any CPU
		{D0E3AA51-723F-4EF1-AAF9-C6930BA5F30B}.Release|Any CPU.Build.0 = Release|Any CPU
		{D0E3AA51-723F-4EF1-AAF9-C6930BA5F30B}.Release|iPhone.ActiveCfg = Release|Any CPU
		{D0E3AA51-723F-4EF1-AAF9-C6930BA5F30B}.Release|iPhoneSimulator.ActiveCfg = Release|Any CPU
		{AFC13DAC-C796-4417-8552-B5FA55C05F4E}.Debug|Any CPU.ActiveCfg = Debug|Any CPU
		{AFC13DAC-C796-4417-8552-B5FA55C05F4E}.Debug|Any CPU.Build.0 = Debug|Any CPU
		{AFC13DAC-C796-4417-8552-B5FA55C05F4E}.Debug|iPhone.ActiveCfg = Debug|Any CPU
		{AFC13DAC-C796-4417-8552-B5FA55C05F4E}.Debug|iPhoneSimulator.ActiveCfg = Debug|Any CPU
		{AFC13DAC-C796-4417-8552-B5FA55C05F4E}.Release|Any CPU.ActiveCfg = Release|Any CPU
		{AFC13DAC-C796-4417-8552-B5FA55C05F4E}.Release|Any CPU.Build.0 = Release|Any CPU
		{AFC13DAC-C796-4417-8552-B5FA55C05F4E}.Release|iPhone.ActiveCfg = Release|Any CPU
		{AFC13DAC-C796-4417-8552-B5FA55C05F4E}.Release|iPhoneSimulator.ActiveCfg = Release|Any CPU
		{1B61EC45-985C-439A-AE69-F4493A3033B0}.Debug|Any CPU.ActiveCfg = Debug|Any CPU
		{1B61EC45-985C-439A-AE69-F4493A3033B0}.Debug|Any CPU.Build.0 = Debug|Any CPU
		{1B61EC45-985C-439A-AE69-F4493A3033B0}.Debug|iPhone.ActiveCfg = Debug|Any CPU
		{1B61EC45-985C-439A-AE69-F4493A3033B0}.Debug|iPhone.Build.0 = Debug|Any CPU
		{1B61EC45-985C-439A-AE69-F4493A3033B0}.Debug|iPhoneSimulator.ActiveCfg = Debug|Any CPU
		{1B61EC45-985C-439A-AE69-F4493A3033B0}.Debug|iPhoneSimulator.Build.0 = Debug|Any CPU
		{1B61EC45-985C-439A-AE69-F4493A3033B0}.Release|Any CPU.ActiveCfg = Release|Any CPU
		{1B61EC45-985C-439A-AE69-F4493A3033B0}.Release|Any CPU.Build.0 = Release|Any CPU
		{1B61EC45-985C-439A-AE69-F4493A3033B0}.Release|iPhone.ActiveCfg = Release|Any CPU
		{1B61EC45-985C-439A-AE69-F4493A3033B0}.Release|iPhone.Build.0 = Release|Any CPU
		{1B61EC45-985C-439A-AE69-F4493A3033B0}.Release|iPhoneSimulator.ActiveCfg = Release|Any CPU
		{1B61EC45-985C-439A-AE69-F4493A3033B0}.Release|iPhoneSimulator.Build.0 = Release|Any CPU
		{817F4DEA-10B9-44A4-B2E7-E0C00DDA089B}.Debug|Any CPU.ActiveCfg = Debug|Any CPU
		{817F4DEA-10B9-44A4-B2E7-E0C00DDA089B}.Debug|Any CPU.Build.0 = Debug|Any CPU
		{817F4DEA-10B9-44A4-B2E7-E0C00DDA089B}.Debug|iPhone.ActiveCfg = Debug|Any CPU
		{817F4DEA-10B9-44A4-B2E7-E0C00DDA089B}.Debug|iPhone.Build.0 = Debug|Any CPU
		{817F4DEA-10B9-44A4-B2E7-E0C00DDA089B}.Debug|iPhoneSimulator.ActiveCfg = Debug|Any CPU
		{817F4DEA-10B9-44A4-B2E7-E0C00DDA089B}.Debug|iPhoneSimulator.Build.0 = Debug|Any CPU
		{817F4DEA-10B9-44A4-B2E7-E0C00DDA089B}.Release|Any CPU.ActiveCfg = Release|Any CPU
		{817F4DEA-10B9-44A4-B2E7-E0C00DDA089B}.Release|Any CPU.Build.0 = Release|Any CPU
		{817F4DEA-10B9-44A4-B2E7-E0C00DDA089B}.Release|iPhone.ActiveCfg = Release|Any CPU
		{817F4DEA-10B9-44A4-B2E7-E0C00DDA089B}.Release|iPhone.Build.0 = Release|Any CPU
		{817F4DEA-10B9-44A4-B2E7-E0C00DDA089B}.Release|iPhoneSimulator.ActiveCfg = Release|Any CPU
		{817F4DEA-10B9-44A4-B2E7-E0C00DDA089B}.Release|iPhoneSimulator.Build.0 = Release|Any CPU
		{AA5004FB-E0A6-4937-AEA6-7967B89F1ED3}.Debug|Any CPU.ActiveCfg = Debug|Any CPU
		{AA5004FB-E0A6-4937-AEA6-7967B89F1ED3}.Debug|Any CPU.Build.0 = Debug|Any CPU
		{AA5004FB-E0A6-4937-AEA6-7967B89F1ED3}.Debug|iPhone.ActiveCfg = Debug|Any CPU
		{AA5004FB-E0A6-4937-AEA6-7967B89F1ED3}.Debug|iPhone.Build.0 = Debug|Any CPU
		{AA5004FB-E0A6-4937-AEA6-7967B89F1ED3}.Debug|iPhoneSimulator.ActiveCfg = Debug|Any CPU
		{AA5004FB-E0A6-4937-AEA6-7967B89F1ED3}.Debug|iPhoneSimulator.Build.0 = Debug|Any CPU
		{AA5004FB-E0A6-4937-AEA6-7967B89F1ED3}.Release|Any CPU.ActiveCfg = Release|Any CPU
		{AA5004FB-E0A6-4937-AEA6-7967B89F1ED3}.Release|Any CPU.Build.0 = Release|Any CPU
		{AA5004FB-E0A6-4937-AEA6-7967B89F1ED3}.Release|iPhone.ActiveCfg = Release|Any CPU
		{AA5004FB-E0A6-4937-AEA6-7967B89F1ED3}.Release|iPhone.Build.0 = Release|Any CPU
		{AA5004FB-E0A6-4937-AEA6-7967B89F1ED3}.Release|iPhoneSimulator.ActiveCfg = Release|Any CPU
		{AA5004FB-E0A6-4937-AEA6-7967B89F1ED3}.Release|iPhoneSimulator.Build.0 = Release|Any CPU
		{0B4A5DD4-2342-471D-A411-1C1DD1A2B815}.Debug|Any CPU.ActiveCfg = Debug|Any CPU
		{0B4A5DD4-2342-471D-A411-1C1DD1A2B815}.Debug|Any CPU.Build.0 = Debug|Any CPU
		{0B4A5DD4-2342-471D-A411-1C1DD1A2B815}.Debug|iPhone.ActiveCfg = Debug|Any CPU
		{0B4A5DD4-2342-471D-A411-1C1DD1A2B815}.Debug|iPhone.Build.0 = Debug|Any CPU
		{0B4A5DD4-2342-471D-A411-1C1DD1A2B815}.Debug|iPhoneSimulator.ActiveCfg = Debug|Any CPU
		{0B4A5DD4-2342-471D-A411-1C1DD1A2B815}.Debug|iPhoneSimulator.Build.0 = Debug|Any CPU
		{0B4A5DD4-2342-471D-A411-1C1DD1A2B815}.Release|Any CPU.ActiveCfg = Release|Any CPU
		{0B4A5DD4-2342-471D-A411-1C1DD1A2B815}.Release|Any CPU.Build.0 = Release|Any CPU
		{0B4A5DD4-2342-471D-A411-1C1DD1A2B815}.Release|iPhone.ActiveCfg = Release|Any CPU
		{0B4A5DD4-2342-471D-A411-1C1DD1A2B815}.Release|iPhone.Build.0 = Release|Any CPU
		{0B4A5DD4-2342-471D-A411-1C1DD1A2B815}.Release|iPhoneSimulator.ActiveCfg = Release|Any CPU
		{0B4A5DD4-2342-471D-A411-1C1DD1A2B815}.Release|iPhoneSimulator.Build.0 = Release|Any CPU
		{694A4B75-6732-434E-86B9-4B2AB0CF48C0}.Debug|Any CPU.ActiveCfg = Debug|Any CPU
		{694A4B75-6732-434E-86B9-4B2AB0CF48C0}.Debug|Any CPU.Build.0 = Debug|Any CPU
		{694A4B75-6732-434E-86B9-4B2AB0CF48C0}.Debug|iPhone.ActiveCfg = Debug|Any CPU
		{694A4B75-6732-434E-86B9-4B2AB0CF48C0}.Debug|iPhone.Build.0 = Debug|Any CPU
		{694A4B75-6732-434E-86B9-4B2AB0CF48C0}.Debug|iPhoneSimulator.ActiveCfg = Debug|Any CPU
		{694A4B75-6732-434E-86B9-4B2AB0CF48C0}.Debug|iPhoneSimulator.Build.0 = Debug|Any CPU
		{694A4B75-6732-434E-86B9-4B2AB0CF48C0}.Release|Any CPU.ActiveCfg = Release|Any CPU
		{694A4B75-6732-434E-86B9-4B2AB0CF48C0}.Release|Any CPU.Build.0 = Release|Any CPU
		{694A4B75-6732-434E-86B9-4B2AB0CF48C0}.Release|iPhone.ActiveCfg = Release|Any CPU
		{694A4B75-6732-434E-86B9-4B2AB0CF48C0}.Release|iPhone.Build.0 = Release|Any CPU
		{694A4B75-6732-434E-86B9-4B2AB0CF48C0}.Release|iPhoneSimulator.ActiveCfg = Release|Any CPU
		{694A4B75-6732-434E-86B9-4B2AB0CF48C0}.Release|iPhoneSimulator.Build.0 = Release|Any CPU
	EndGlobalSection
	GlobalSection(SolutionProperties) = preSolution
		HideSolutionNode = FALSE
	EndGlobalSection
	GlobalSection(ExtensibilityGlobals) = postSolution
		SolutionGuid = {95634EF7-0593-4FBF-8919-73E595FEAAD8}
	EndGlobalSection
EndGlobal
